
Microsoft Visual Studio Solution File, Format Version 12.00
# Visual Studio Version 17
VisualStudioVersion = 17.4.33213.308
MinimumVisualStudioVersion = 10.0.40219.1
Project("{9A19103F-16F7-4668-BE54-9A1E7A4F7556}") = "Fluentsoft.Queryable", "src\Fluentsoft.Queryable.csproj", "{2049D575-53FB-4E97-AC13-F13A46E3ACE0}"
EndProject
Project("{9A19103F-16F7-4668-BE54-9A1E7A4F7556}") = "Fluentsoft.Queryable.Tests", "tests\Fluentsoft.Queryable.Tests.csproj", "{C713F268-52DD-4BFC-B749-58F55B9027ED}"
EndProject
Global
	GlobalSection(SolutionConfigurationPlatforms) = preSolution
		Debug|Any CPU = Debug|Any CPU
		Release|Any CPU = Release|Any CPU
	EndGlobalSection
	GlobalSection(ProjectConfigurationPlatforms) = postSolution
		{2049D575-53FB-4E97-AC13-F13A46E3ACE0}.Debug|Any CPU.ActiveCfg = Debug|Any CPU
		{2049D575-53FB-4E97-AC13-F13A46E3ACE0}.Debug|Any CPU.Build.0 = Debug|Any CPU
		{2049D575-53FB-4E97-AC13-F13A46E3ACE0}.Release|Any CPU.ActiveCfg = Release|Any CPU
		{2049D575-53FB-4E97-AC13-F13A46E3ACE0}.Release|Any CPU.Build.0 = Release|Any CPU
		{C713F268-52DD-4BFC-B749-58F55B9027ED}.Debug|Any CPU.ActiveCfg = Debug|Any CPU
		{C713F268-52DD-4BFC-B749-58F55B9027ED}.Debug|Any CPU.Build.0 = Debug|Any CPU
		{C713F268-52DD-4BFC-B749-58F55B9027ED}.Release|Any CPU.ActiveCfg = Release|Any CPU
		{C713F268-52DD-4BFC-B749-58F55B9027ED}.Release|Any CPU.Build.0 = Release|Any CPU
	EndGlobalSection
	GlobalSection(SolutionProperties) = preSolution
		HideSolutionNode = FALSE
	EndGlobalSection
	GlobalSection(ExtensibilityGlobals) = postSolution
		SolutionGuid = {503637B9-BEDC-4837-943E-2DD09802F3E7}
	EndGlobalSection
EndGlobal
